PODS:
  - Alamofire (5.11.1)
  - Kingfisher (8.7.0)

DEPENDENCIES:
  - Alamofire
  - Kingfisher

SPEC REPOS:
  trunk:
    - Alamofire
    - Kingfisher

SPEC CHECKSUMS:
  Alamofire: eec6cd8f73b242b59e34153a606a909eb9864b14
  Kingfisher: 649489bb8748428fa1db7de1479acb7c78d2469d

PODFILE CHECKSUM: 21977cbbb3d3cebae7e3cbf80c416e87b674f8a7

COCOAPODS: 1.16.2
