// !$*UTF8*$!
{
	archiveVersion = 1;
	classes = {
	};
	objectVersion = 77;
	objects = {

/* Begin PBXBuildFile section */
		20F91B8C8ABCEB311C12C4C8 /* Pods_NewsFlowTests.framework in Frameworks */ = {isa = PBXBuildFile; fileRef = 15E1BE45B6CAAC0D818DDCF9 /* Pods_NewsFlowTests.framework */; };
		550354391B836CF8629DECCD /* Pods_NewsFlow.framework in Frameworks */ = {isa = PBXBuildFile; fileRef = C0A94B3E116A124F9D4A072B /* Pods_NewsFlow.framework */; };
		625E8B162F58924300CAFCC8 /* Config.xcconfig in Resources */ = {isa = PBXBuildFile; fileRef = 625E8B152F58924300CAFCC8 /* Config.xcconfig */; };
		BBCE6D96DE322597D7719887 /* Pods_NewsFlowUITests.framework in Frameworks */ = {isa = PBXBuildFile; fileRef = C868FF556621A8A54FD418C2 /* Pods_NewsFlowUITests.framework */; };
/* End PBXBuildFile section */

/* Begin PBXContainerItemProxy section */
		625E8ACA2F588DAF00CAFCC8 /* PBXContainerItemProxy */ = {
			isa = PBXContainerItemProxy;
			containerPortal = 625E8AAB2F588DAE00CAFCC8 /* Project object */;
			proxyType = 1;
			remoteGlobalIDString = 625E8AB22F588DAE00CAFCC8;
			remoteInfo = NewsFlow;
		};
		625E8AD42F588DAF00CAFCC8 /* PBXContainerItemProxy */ = {
			isa = PBXContainerItemProxy;
			containerPortal = 625E8AAB2F588DAE00CAFCC8 /* Project object */;
			proxyType = 1;
			remoteGlobalIDString = 625E8AB22F588DAE00CAFCC8;
			remoteInfo = NewsFlow;
		};
/* End PBXContainerItemProxy section */

/* Begin PBXFileReference section */
		01FB94122A727FF40FD38F71 /* Pods-NewsFlow.release.xcconfig */ = {isa = PBXFileReference; includeInIndex = 1; lastKnownFileType = text.xcconfig; name = "Pods-NewsFlow.release.xcconfig"; path = "Target Support Files/Pods-NewsFlow/Pods-NewsFlow.release.xcconfig"; sourceTree = "<group>"; };
		15E1BE45B6CAAC0D818DDCF9 /* Pods_NewsFlowTests.framework */ = {isa = PBXFileReference; explicitFileType = wrapper.framework; includeInIndex = 0; path = Pods_NewsFlowTests.framework; sourceTree = BUILT_PRODUCTS_DIR; };
		2DD9C8A37ECED92CB311C7AA /* Pods-NewsFlowUITests.release.xcconfig */ = {isa = PBXFileReference; includeInIndex = 1; lastKnownFileType = text.xcconfig; name = "Pods-NewsFlowUITests.release.xcconfig"; path = "Target Support Files/Pods-NewsFlowUITests/Pods-NewsFlowUITests.release.xcconfig"; sourceTree = "<group>"; };
		4C8FBC9DD6DA002513602DE3 /* Pods-NewsFlowUITests.debug.xcconfig */ = {isa = PBXFileReference; includeInIndex = 1; lastKnownFileType = text.xcconfig; name = "Pods-NewsFlowUITests.debug.xcconfig"; path = "Target Support Files/Pods-NewsFlowUITests/Pods-NewsFlowUITests.debug.xcconfig"; sourceTree = "<group>"; };
		4FC5104313D1DE11CCF92F47 /* Pods-NewsFlowTests.debug.xcconfig */ = {isa = PBXFileReference; includeInIndex = 1; lastKnownFileType = text.xcconfig; name = "Pods-NewsFlowTests.debug.xcconfig"; path = "Target Support Files/Pods-NewsFlowTests/Pods-NewsFlowTests.debug.xcconfig"; sourceTree = "<group>"; };
		61660D0A65465BF591E6FA48 /* Pods-NewsFlow.debug.xcconfig */ = {isa = PBXFileReference; includeInIndex = 1; lastKnownFileType = text.xcconfig; name = "Pods-NewsFlow.debug.xcconfig"; path = "Target Support Files/Pods-NewsFlow/Pods-NewsFlow.debug.xcconfig"; sourceTree = "<group>"; };
		625E8AB32F588DAE00CAFCC8 /* NewsFlow.app */ = {isa = PBXFileReference; explicitFileType = wrapper.application; includeInIndex = 0; path = NewsFlow.app; sourceTree = BUILT_PRODUCTS_DIR; };
		625E8AC92F588DAF00CAFCC8 /* NewsFlowTests.xctest */ = {isa = PBXFileReference; explicitFileType = wrapper.cfbundle; includeInIndex = 0; path = NewsFlowTests.xctest; sourceTree = BUILT_PRODUCTS_DIR; };
		625E8AD32F588DAF00CAFCC8 /* NewsFlowUITests.xctest */ = {isa = PBXFileReference; explicitFileType = wrapper.cfbundle; includeInIndex = 0; path = NewsFlowUITests.xctest; sourceTree = BUILT_PRODUCTS_DIR; };
		625E8B152F58924300CAFCC8 /* Config.xcconfig */ = {isa = PBXFileReference; lastKnownFileType = text.xcconfig; path = Config.xcconfig; sourceTree = "<group>"; };
		8441FA593D80EB33380577B5 /* Pods-NewsFlowTests.release.xcconfig */ = {isa = PBXFileReference; includeInIndex = 1; lastKnownFileType = text.xcconfig; name = "Pods-NewsFlowTests.release.xcconfig"; path = "Target Support Files/Pods-NewsFlowTests/Pods-NewsFlowTests.release.xcconfig"; sourceTree = "<group>"; };
		C0A94B3E116A124F9D4A072B /* Pods_NewsFlow.framework */ = {isa = PBXFileReference; explicitFileType = wrapper.framework; includeInIndex = 0; path = Pods_NewsFlow.framework; sourceTree = BUILT_PRODUCTS_DIR; };
		C868FF556621A8A54FD418C2 /* Pods_NewsFlowUITests.framework */ = {isa = PBXFileReference; explicitFileType = wrapper.framework; includeInIndex = 0; path = Pods_NewsFlowUITests.framework; sourceTree = BUILT_PRODUCTS_DIR; };
/* End PBXFileReference section */

/* Begin PBXFileSystemSynchronizedBuildFileExceptionSet section */
		625E8ADB2F588DAF00CAFCC8 /* Exceptions for "NewsFlow" folder in "NewsFlow" target */ = {
			isa = PBXFileSystemSynchronizedBuildFileExceptionSet;
			membershipExceptions = (
				Info.plist,
			);
			target = 625E8AB22F588DAE00CAFCC8 /* NewsFlow */;
		};
/* End PBXFileSystemSynchronizedBuildFileExceptionSet section */

/* Begin PBXFileSystemSynchronizedRootGroup section */
		625E8AB52F588DAE00CAFCC8 /* NewsFlow */ = {
			isa = PBXFileSystemSynchronizedRootGroup;
			exceptions = (
				625E8ADB2F588DAF00CAFCC8 /* Exceptions for "NewsFlow" folder in "NewsFlow" target */,
			);
			path = NewsFlow;
			sourceTree = "<group>";
		};
		625E8ACC2F588DAF00CAFCC8 /* NewsFlowTests */ = {
			isa = PBXFileSystemSynchronizedRootGroup;
			path = NewsFlowTests;
			sourceTree = "<group>";
		};
		625E8AD62F588DAF00CAFCC8 /* NewsFlowUITests */ = {
			isa = PBXFileSystemSynchronizedRootGroup;
			path = NewsFlowUITests;
			sourceTree = "<group>";
		};
/* End PBXFileSystemSynchronizedRootGroup section */

/* Begin PBXFrameworksBuildPhase section */
		625E8AB02F588DAE00CAFCC8 /* Frameworks */ = {
			isa = PBXFrameworksBuildPhase;
			buildActionMask = 2147483647;
			files = (
				550354391B836CF8629DECCD /* Pods_NewsFlow.framework in Frameworks */,
			);
			runOnlyForDeploymentPostprocessing = 0;
		};
		625E8AC62F588DAF00CAFCC8 /* Frameworks */ = {
			isa = PBXFrameworksBuildPhase;
			buildActionMask = 2147483647;
			files = (
				20F91B8C8ABCEB311C12C4C8 /* Pods_NewsFlowTests.framework in Frameworks */,
			);
			runOnlyForDeploymentPostprocessing = 0;
		};
		625E8AD02F588DAF00CAFCC8 /* Frameworks */ = {
			isa = PBXFrameworksBuildPhase;
			buildActionMask = 2147483647;
			files = (
				BBCE6D96DE322597D7719887 /* Pods_NewsFlowUITests.framework in Frameworks */,
			);
			runOnlyForDeploymentPostprocessing = 0;
		};
/* End PBXFrameworksBuildPhase section */

/* Begin PBXGroup section */
		625E8AAA2F588DAE00CAFCC8 = {
			isa = PBXGroup;
			children = (
				625E8B152F58924300CAFCC8 /* Config.xcconfig */,
				625E8AB52F588DAE00CAFCC8 /* NewsFlow */,
				625E8ACC2F588DAF00CAFCC8 /* NewsFlowTests */,
				625E8AD62F588DAF00CAFCC8 /* NewsFlowUITests */,
				625E8AB42F588DAE00CAFCC8 /* Products */,
				7C0CC29F8BAE222517706AF6 /* Pods */,
				F7D912236D5A1ECCEBD31E21 /* Frameworks */,
			);
			sourceTree = "<group>";
		};
		625E8AB42F588DAE00CAFCC8 /* Products */ = {
			isa = PBXGroup;
			children = (
				625E8AB32F588DAE00CAFCC8 /* NewsFlow.app */,
				625E8AC92F588DAF00CAFCC8 /* NewsFlowTests.xctest */,
				625E8AD32F588DAF00CAFCC8 /* NewsFlowUITests.xctest */,
			);
			name = Products;
			sourceTree = "<group>";
		};
		7C0CC29F8BAE222517706AF6 /* Pods */ = {
			isa = PBXGroup;
			children = (
				61660D0A65465BF591E6FA48 /* Pods-NewsFlow.debug.xcconfig */,
				01FB94122A727FF40FD38F71 /* Pods-NewsFlow.release.xcconfig */,
				4FC5104313D1DE11CCF92F47 /* Pods-NewsFlowTests.debug.xcconfig */,
				8441FA593D80EB33380577B5 /* Pods-NewsFlowTests.release.xcconfig */,
				4C8FBC9DD6DA002513602DE3 /* Pods-NewsFlowUITests.debug.xcconfig */,
				2DD9C8A37ECED92CB311C7AA /* Pods-NewsFlowUITests.release.xcconfig */,
			);
			path = Pods;
			sourceTree = "<group>";
		};
		F7D912236D5A1ECCEBD31E21 /* Frameworks */ = {
			isa = PBXGroup;
			children = (
				C0A94B3E116A124F9D4A072B /* Pods_NewsFlow.framework */,
				15E1BE45B6CAAC0D818DDCF9 /* Pods_NewsFlowTests.framework */,
				C868FF556621A8A54FD418C2 /* Pods_NewsFlowUITests.framework */,
			);
			name = Frameworks;
			sourceTree = "<group>";
		};
/* End PBXGroup section */

/* Begin PBXNativeTarget section */
		625E8AB22F588DAE00CAFCC8 /* NewsFlow */ = {
			isa = PBXNativeTarget;
			buildConfigurationList = 625E8ADC2F588DAF00CAFCC8 /* Build configuration list for PBXNativeTarget "NewsFlow" */;
			buildPhases = (
				54C0795B82D2978E9DBF4F5A /* [CP] Check Pods Manifest.lock */,
				625E8AAF2F588DAE00CAFCC8 /* Sources */,
				625E8AB02F588DAE00CAFCC8 /* Frameworks */,
				625E8AB12F588DAE00CAFCC8 /* Resources */,
				7D6C815E117F2BF539B7036D /* [CP] Embed Pods Frameworks */,
			);
			buildRules = (
			);
			dependencies = (
			);
			fileSystemSynchronizedGroups = (
				625E8AB52F588DAE00CAFCC8 /* NewsFlow */,
			);
			name = NewsFlow;
			productName = NewsFlow;
			productReference = 625E8AB32F588DAE00CAFCC8 /* NewsFlow.app */;
			productType = "com.apple.product-type.application";
		};
		625E8AC82F588DAF00CAFCC8 /* NewsFlowTests */ = {
			isa = PBXNativeTarget;
			buildConfigurationList = 625E8AE12F588DAF00CAFCC8 /* Build configuration list for PBXNativeTarget "NewsFlowTests" */;
			buildPhases = (
				A0B01C9C0294531468F750CD /* [CP] Check Pods Manifest.lock */,
				625E8AC52F588DAF00CAFCC8 /* Sources */,
				625E8AC62F588DAF00CAFCC8 /* Frameworks */,
				625E8AC72F588DAF00CAFCC8 /* Resources */,
			);
			buildRules = (
			);
			dependencies = (
				625E8ACB2F588DAF00CAFCC8 /* PBXTargetDependency */,
			);
			fileSystemSynchronizedGroups = (
				625E8ACC2F588DAF00CAFCC8 /* NewsFlowTests */,
			);
			name = NewsFlowTests;
			productName = NewsFlowTests;
			productReference = 625E8AC92F588DAF00CAFCC8 /* NewsFlowTests.xctest */;
			productType = "com.apple.product-type.bundle.unit-test";
		};
		625E8AD22F588DAF00CAFCC8 /* NewsFlowUITests */ = {
			isa = PBXNativeTarget;
			buildConfigurationList = 625E8AE42F588DAF00CAFCC8 /* Build configuration list for PBXNativeTarget "NewsFlowUITests" */;
			buildPhases = (
				50B82E410CCF13E8390434C0 /* [CP] Check Pods Manifest.lock */,
				625E8ACF2F588DAF00CAFCC8 /* Sources */,
				625E8AD02F588DAF00CAFCC8 /* Frameworks */,
				625E8AD12F588DAF00CAFCC8 /* Resources */,
			);
			buildRules = (
			);
			dependencies = (
				625E8AD52F588DAF00CAFCC8 /* PBXTargetDependency */,
			);
			fileSystemSynchronizedGroups = (
				625E8AD62F588DAF00CAFCC8 /* NewsFlowUITests */,
			);
			name = NewsFlowUITests;
			productName = NewsFlowUITests;
			productReference = 625E8AD32F588DAF00CAFCC8 /* NewsFlowUITests.xctest */;
			productType = "com.apple.product-type.bundle.ui-testing";
		};
/* End PBXNativeTarget section */

/* Begin PBXProject section */
		625E8AAB2F588DAE00CAFCC8 /* Project object */ = {
			isa = PBXProject;
			attributes = {
				BuildIndependentTargetsInParallel = 1;
				LastSwiftUpdateCheck = 2620;
				LastUpgradeCheck = 2620;
				TargetAttributes = {
					625E8AB22F588DAE00CAFCC8 = {
						CreatedOnToolsVersion = 26.2;
					};
					625E8AC82F588DAF00CAFCC8 = {
						CreatedOnToolsVersion = 26.2;
						TestTargetID = 625E8AB22F588DAE00CAFCC8;
					};
					625E8AD22F588DAF00CAFCC8 = {
						CreatedOnToolsVersion = 26.2;
						TestTargetID = 625E8AB22F588DAE00CAFCC8;
					};
				};
			};
			buildConfigurationList = 625E8AAE2F588DAE00CAFCC8 /* Build configuration list for PBXProject "NewsFlow" */;
			developmentRegion = en;
			hasScannedForEncodings = 0;
			knownRegions = (
				en,
				Base,
			);
			mainGroup = 625E8AAA2F588DAE00CAFCC8;
			minimizedProjectReferenceProxies = 1;
			preferredProjectObjectVersion = 77;
			productRefGroup = 625E8AB42F588DAE00CAFCC8 /* Products */;
			projectDirPath = "";
			projectRoot = "";
			targets = (
				625E8AB22F588DAE00CAFCC8 /* NewsFlow */,
				625E8AC82F588DAF00CAFCC8 /* NewsFlowTests */,
				625E8AD22F588DAF00CAFCC8 /* NewsFlowUITests */,
			);
		};
/* End PBXProject section */

/* Begin PBXResourcesBuildPhase section */
		625E8AB12F588DAE00CAFCC8 /* Resources */ = {
			isa = PBXResourcesBuildPhase;
			buildActionMask = 2147483647;
			files = (
				625E8B162F58924300CAFCC8 /* Config.xcconfig in Resources */,
			);
			runOnlyForDeploymentPostprocessing = 0;
		};
		625E8AC72F588DAF00CAFCC8 /* Resources */ = {
			isa = PBXResourcesBuildPhase;
			buildActionMask = 2147483647;
			files = (
			);
			runOnlyForDeploymentPostprocessing = 0;
		};
		625E8AD12F588DAF00CAFCC8 /* Resources */ = {
			isa = PBXResourcesBuildPhase;
			buildActionMask = 2147483647;
			files = (
			);
			runOnlyForDeploymentPostprocessing = 0;
		};
/* End PBXResourcesBuildPhase section */

/* Begin PBXShellScriptBuildPhase section */
		50B82E410CCF13E8390434C0 /* [CP] Check Pods Manifest.lock */ = {
			isa = PBXShellScriptBuildPhase;
			buildActionMask = 2147483647;
			files = (
			);
			inputFileListPaths = (
			);
			inputPaths = (
				"${PODS_PODFILE_DIR_PATH}/Podfile.lock",
				"${PODS_ROOT}/Manifest.lock",
			);
			name = "[CP] Check Pods Manifest.lock";
			outputFileListPaths = (
			);
			outputPaths = (
				"$(DERIVED_FILE_DIR)/Pods-NewsFlowUITests-checkManifestLockResult.txt",
			);
			runOnlyForDeploymentPostprocessing = 0;
			shellPath = /bin/sh;
			shellScript = "diff \"${PODS_PODFILE_DIR_PATH}/Podfile.lock\" \"${PODS_ROOT}/Manifest.lock\" > /dev/null\nif [ $? != 0 ] ; then\n    # print error to STDERR\n    echo \"error: The sandbox is not in sync with the Podfile.lock. Run 'pod install' or update your CocoaPods installation.\" >&2\n    exit 1\nfi\n# This output is used by Xcode 'outputs' to avoid re-running this script phase.\necho \"SUCCESS\" > \"${SCRIPT_OUTPUT_FILE_0}\"\n";
			showEnvVarsInLog = 0;
		};
		54C0795B82D2978E9DBF4F5A /* [CP] Check Pods Manifest.lock */ = {
			isa = PBXShellScriptBuildPhase;
			buildActionMask = 2147483647;
			files = (
			);
			inputFileListPaths = (
			);
			inputPaths = (
				"${PODS_PODFILE_DIR_PATH}/Podfile.lock",
				"${PODS_ROOT}/Manifest.lock",
			);
			name = "[CP] Check Pods Manifest.lock";
			outputFileListPaths = (
			);
			outputPaths = (
				"$(DERIVED_FILE_DIR)/Pods-NewsFlow-checkManifestLockResult.txt",
			);
			runOnlyForDeploymentPostprocessing = 0;
			shellPath = /bin/sh;
			shellScript = "diff \"${PODS_PODFILE_DIR_PATH}/Podfile.lock\" \"${PODS_ROOT}/Manifest.lock\" > /dev/null\nif [ $? != 0 ] ; then\n    # print error to STDERR\n    echo \"error: The sandbox is not in sync with the Podfile.lock. Run 'pod install' or update your CocoaPods installation.\" >&2\n    exit 1\nfi\n# This output is used by Xcode 'outputs' to avoid re-running this script phase.\necho \"SUCCESS\" > \"${SCRIPT_OUTPUT_FILE_0}\"\n";
			showEnvVarsInLog = 0;
		};
		7D6C815E117F2BF539B7036D /* [CP] Embed Pods Frameworks */ = {
			isa = PBXShellScriptBuildPhase;
			buildActionMask = 2147483647;
			files = (
			);
			inputFileListPaths = (
				"${PODS_ROOT}/Target Support Files/Pods-NewsFlow/Pods-NewsFlow-frameworks-${CONFIGURATION}-input-files.xcfilelist",
			);
			inputPaths = (
			);
			name = "[CP] Embed Pods Frameworks";
			outputFileListPaths = (
				"${PODS_ROOT}/Target Support Files/Pods-NewsFlow/Pods-NewsFlow-frameworks-${CONFIGURATION}-output-files.xcfilelist",
			);
			outputPaths = (
			);
			runOnlyForDeploymentPostprocessing = 0;
			shellPath = /bin/sh;
			shellScript = "\"${PODS_ROOT}/Target Support Files/Pods-NewsFlow/Pods-NewsFlow-frameworks.sh\"\n";
			showEnvVarsInLog = 0;
		};
		A0B01C9C0294531468F750CD /* [CP] Check Pods Manifest.lock */ = {
			isa = PBXShellScriptBuildPhase;
			buildActionMask = 2147483647;
			files = (
			);
			inputFileListPaths = (
			);
			inputPaths = (
				"${PODS_PODFILE_DIR_PATH}/Podfile.lock",
				"${PODS_ROOT}/Manifest.lock",
			);
			name = "[CP] Check Pods Manifest.lock";
			outputFileListPaths = (
			);
			outputPaths = (
				"$(DERIVED_FILE_DIR)/Pods-NewsFlowTests-checkManifestLockResult.txt",
			);
			runOnlyForDeploymentPostprocessing = 0;
			shellPath = /bin/sh;
			shellScript = "diff \"${PODS_PODFILE_DIR_PATH}/Podfile.lock\" \"${PODS_ROOT}/Manifest.lock\" > /dev/null\nif [ $? != 0 ] ; then\n    # print error to STDERR\n    echo \"error: The sandbox is not in sync with the Podfile.lock. Run 'pod install' or update your CocoaPods installation.\" >&2\n    exit 1\nfi\n# This output is used by Xcode 'outputs' to avoid re-running this script phase.\necho \"SUCCESS\" > \"${SCRIPT_OUTPUT_FILE_0}\"\n";
			showEnvVarsInLog = 0;
		};
/* End PBXShellScriptBuildPhase section */

/* Begin PBXSourcesBuildPhase section */
		625E8AAF2F588DAE00CAFCC8 /* Sources */ = {
			isa = PBXSourcesBuildPhase;
			buildActionMask = 2147483647;
			files = (
			);
			runOnlyForDeploymentPostprocessing = 0;
		};
		625E8AC52F588DAF00CAFCC8 /* Sources */ = {
			isa = PBXSourcesBuildPhase;
			buildActionMask = 2147483647;
			files = (
			);
			runOnlyForDeploymentPostprocessing = 0;
		};
		625E8ACF2F588DAF00CAFCC8 /* Sources */ = {
			isa = PBXSourcesBuildPhase;
			buildActionMask = 2147483647;
			files = (
			);
			runOnlyForDeploymentPostprocessing = 0;
		};
/* End PBXSourcesBuildPhase section */

/* Begin PBXTargetDependency section */
		625E8ACB2F588DAF00CAFCC8 /* PBXTargetDependency */ = {
			isa = PBXTargetDependency;
			target = 625E8AB22F588DAE00CAFCC8 /* NewsFlow */;
			targetProxy = 625E8ACA2F588DAF00CAFCC8 /* PBXContainerItemProxy */;
		};
		625E8AD52F588DAF00CAFCC8 /* PBXTargetDependency */ = {
			isa = PBXTargetDependency;
			target = 625E8AB22F588DAE00CAFCC8 /* NewsFlow */;
			targetProxy = 625E8AD42F588DAF00CAFCC8 /* PBXContainerItemProxy */;
		};
/* End PBXTargetDependency section */

/* Begin XCBuildConfiguration section */
		625E8ADD2F588DAF00CAFCC8 /* Debug */ = {
			isa = XCBuildConfiguration;
			baseConfigurationReference = 61660D0A65465BF591E6FA48 /* Pods-NewsFlow.debug.xcconfig */;
			buildSettings = {
				ASSETCATALOG_COMPILER_APPICON_NAME = AppIcon;
				ASSETCATALOG_COMPILER_GLOBAL_ACCENT_COLOR_NAME = AccentColor;
				CODE_SIGN_STYLE = Automatic;
				CURRENT_PROJECT_VERSION = 1;
				DEVELOPMENT_TEAM = 7D2WXD5WMW;
				ENABLE_USER_SCRIPT_SANDBOXING = NO;
				GENERATE_INFOPLIST_FILE = YES;
				INFOPLIST_FILE = NewsFlow/Info.plist;
				INFOPLIST_KEY_UIApplicationSupportsIndirectInputEvents = YES;
				INFOPLIST_KEY_UILaunchStoryboardName = LaunchScreen;
				INFOPLIST_KEY_UIMainStoryboardFile = Main;
				INFOPLIST_KEY_UISupportedInterfaceOrientations_iPad = "UIInterfaceOrientationPortrait UIInterfaceOrientationPortraitUpsideDown UIInterfaceOrientationLandscapeLeft UIInterfaceOrientationLandscapeRight";
				INFOPLIST_KEY_UISupportedInterfaceOrientations_iPhone = "UIInterfaceOrientationPortrait UIInterfaceOrientationLandscapeLeft UIInterfaceOrientationLandscapeRight";
				LD_RUNPATH_SEARCH_PATHS = (
					"$(inherited)",
					"@executable_path/Frameworks",
				);
				MARKETING_VERSION = 1.0;
				PRODUCT_BUNDLE_IDENTIFIER = com.cl.NewsFlow;
				PRODUCT_NAME = "$(TARGET_NAME)";
				STRING_CATALOG_GENERATE_SYMBOLS = YES;
				SWIFT_APPROACHABLE_CONCURRENCY = YES;
				SWIFT_DEFAULT_ACTOR_ISOLATION = MainActor;
				SWIFT_EMIT_LOC_STRINGS = YES;
				SWIFT_UPCOMING_FEATURE_MEMBER_IMPORT_VISIBILITY = YES;
				SWIFT_VERSION = 5.0;
				TARGETED_DEVICE_FAMILY = "1,2";
			};
			name = Debug;
		};
		625E8ADE2F588DAF00CAFCC8 /* Release */ = {
			isa = XCBuildConfiguration;
			baseConfigurationReference = 01FB94122A727FF40FD38F71 /* Pods-NewsFlow.release.xcconfig */;
			buildSettings = {
				ASSETCATALOG_COMPILER_APPICON_NAME = AppIcon;
				ASSETCATALOG_COMPILER_GLOBAL_ACCENT_COLOR_NAME = AccentColor;
				CODE_SIGN_STYLE = Automatic;
				CURRENT_PROJECT_VERSION = 1;
				DEVELOPMENT_TEAM = 7D2WXD5WMW;
				ENABLE_USER_SCRIPT_SANDBOXING = NO;
				GENERATE_INFOPLIST_FILE = YES;
				INFOPLIST_FILE = NewsFlow/Info.plist;
				INFOPLIST_KEY_UIApplicationSupportsIndirectInputEvents = YES;
				INFOPLIST_KEY_UILaunchStoryboardName = LaunchScreen;
				INFOPLIST_KEY_UIMainStoryboardFile = Main;
				INFOPLIST_KEY_UISupportedInterfaceOrientations_iPad = "UIInterfaceOrientationPortrait UIInterfaceOrientationPortraitUpsideDown UIInterfaceOrientationLandscapeLeft UIInterfaceOrientationLandscapeRight";
				INFOPLIST_KEY_UISupportedInterfaceOrientations_iPhone = "UIInterfaceOrientationPortrait UIInterfaceOrientationLandscapeLeft UIInterfaceOrientationLandscapeRight";
				LD_RUNPATH_SEARCH_PATHS = (
					"$(inherited)",
					"@executable_path/Frameworks",
				);
				MARKETING_VERSION = 1.0;
				PRODUCT_BUNDLE_IDENTIFIER = com.cl.NewsFlow;
				PRODUCT_NAME = "$(TARGET_NAME)";
				STRING_CATALOG_GENERATE_SYMBOLS = YES;
				SWIFT_APPROACHABLE_CONCURRENCY = YES;
				SWIFT_DEFAULT_ACTOR_ISOLATION = MainActor;
				SWIFT_EMIT_LOC_STRINGS = YES;
				SWIFT_UPCOMING_FEATURE_MEMBER_IMPORT_VISIBILITY = YES;
				SWIFT_VERSION = 5.0;
				TARGETED_DEVICE_FAMILY = "1,2";
			};
			name = Release;
		};
		625E8ADF2F588DAF00CAFCC8 /* Debug */ = {
			isa = XCBuildConfiguration;
			buildSettings = {
				ALWAYS_SEARCH_USER_PATHS = NO;
				ASSETCATALOG_COMPILER_GENERATE_SWIFT_ASSET_SYMBOL_EXTENSIONS = YES;
				CLANG_ANALYZER_NONNULL = YES;
				CLANG_ANALYZER_NUMBER_OBJECT_CONVERSION = YES_AGGRESSIVE;
				CLANG_CXX_LANGUAGE_STANDARD = "gnu++20";
				CLANG_ENABLE_MODULES = YES;
				CLANG_ENABLE_OBJC_ARC = YES;
				CLANG_ENABLE_OBJC_WEAK = YES;
				CLANG_WARN_BLOCK_CAPTURE_AUTORELEASING = YES;
				CLANG_WARN_BOOL_CONVERSION = YES;
				CLANG_WARN_COMMA = YES;
				CLANG_WARN_CONSTANT_CONVERSION = YES;
				CLANG_WARN_DEPRECATED_OBJC_IMPLEMENTATIONS = YES;
				CLANG_WARN_DIRECT_OBJC_ISA_USAGE = YES_ERROR;
				CLANG_WARN_DOCUMENTATION_COMMENTS = YES;
				CLANG_WARN_EMPTY_BODY = YES;
				CLANG_WARN_ENUM_CONVERSION = YES;
				CLANG_WARN_INFINITE_RECURSION = YES;
				CLANG_WARN_INT_CONVERSION = YES;
				CLANG_WARN_NON_LITERAL_NULL_CONVERSION = YES;
				CLANG_WARN_OBJC_IMPLICIT_RETAIN_SELF = YES;
				CLANG_WARN_OBJC_LITERAL_CONVERSION = YES;
				CLANG_WARN_OBJC_ROOT_CLASS = YES_ERROR;
				CLANG_WARN_QUOTED_INCLUDE_IN_FRAMEWORK_HEADER = YES;
				CLANG_WARN_RANGE_LOOP_ANALYSIS = YES;
				CLANG_WARN_STRICT_PROTOTYPES = YES;
				CLANG_WARN_SUSPICIOUS_MOVE = YES;
				CLANG_WARN_UNGUARDED_AVAILABILITY = YES_AGGRESSIVE;
				CLANG_WARN_UNREACHABLE_CODE = YES;
				CLANG_WARN__DUPLICATE_METHOD_MATCH = YES;
				COPY_PHASE_STRIP = NO;
				DEBUG_INFORMATION_FORMAT = dwarf;
				DEVELOPMENT_TEAM = 7D2WXD5WMW;
				ENABLE_STRICT_OBJC_MSGSEND = YES;
				ENABLE_TESTABILITY = YES;
				ENABLE_USER_SCRIPT_SANDBOXING = YES;
				GCC_C_LANGUAGE_STANDARD = gnu17;
				GCC_DYNAMIC_NO_PIC = NO;
				GCC_NO_COMMON_BLOCKS = YES;
				GCC_OPTIMIZATION_LEVEL = 0;
				GCC_PREPROCESSOR_DEFINITIONS = (
					"DEBUG=1",
					"$(inherited)",
				);
				GCC_WARN_64_TO_32_BIT_CONVERSION = YES;
				GCC_WARN_ABOUT_RETURN_TYPE = YES_ERROR;
				GCC_WARN_UNDECLARED_SELECTOR = YES;
				GCC_WARN_UNINITIALIZED_AUTOS = YES_AGGRESSIVE;
				GCC_WARN_UNUSED_FUNCTION = YES;
				GCC_WARN_UNUSED_VARIABLE = YES;
				IPHONEOS_DEPLOYMENT_TARGET = 26.2;
				LOCALIZATION_PREFERS_STRING_CATALOGS = YES;
				MTL_ENABLE_DEBUG_INFO = INCLUDE_SOURCE;
				MTL_FAST_MATH = YES;
				ONLY_ACTIVE_ARCH = YES;
				SDKROOT = iphoneos;
				SWIFT_ACTIVE_COMPILATION_CONDITIONS = "DEBUG $(inherited)";
				SWIFT_OPTIMIZATION_LEVEL = "-Onone";
			};
			name = Debug;
		};
		625E8AE02F588DAF00CAFCC8 /* Release */ = {
			isa = XCBuildConfiguration;
			buildSettings = {
				ALWAYS_SEARCH_USER_PATHS = NO;
				ASSETCATALOG_COMPILER_GENERATE_SWIFT_ASSET_SYMBOL_EXTENSIONS = YES;
				CLANG_ANALYZER_NONNULL = YES;
				CLANG_ANALYZER_NUMBER_OBJECT_CONVERSION = YES_AGGRESSIVE;
				CLANG_CXX_LANGUAGE_STANDARD = "gnu++20";
				CLANG_ENABLE_MODULES = YES;
				CLANG_ENABLE_OBJC_ARC = YES;
				CLANG_ENABLE_OBJC_WEAK = YES;
				CLANG_WARN_BLOCK_CAPTURE_AUTORELEASING = YES;
				CLANG_WARN_BOOL_CONVERSION = YES;
				CLANG_WARN_COMMA = YES;
				CLANG_WARN_CONSTANT_CONVERSION = YES;
				CLANG_WARN_DEPRECATED_OBJC_IMPLEMENTATIONS = YES;
				CLANG_WARN_DIRECT_OBJC_ISA_USAGE = YES_ERROR;
				CLANG_WARN_DOCUMENTATION_COMMENTS = YES;
				CLANG_WARN_EMPTY_BODY = YES;
				CLANG_WARN_ENUM_CONVERSION = YES;
				CLANG_WARN_INFINITE_RECURSION = YES;
				CLANG_WARN_INT_CONVERSION = YES;
				CLANG_WARN_NON_LITERAL_NULL_CONVERSION = YES;
				CLANG_WARN_OBJC_IMPLICIT_RETAIN_SELF = YES;
				CLANG_WARN_OBJC_LITERAL_CONVERSION = YES;
				CLANG_WARN_OBJC_ROOT_CLASS = YES_ERROR;
				CLANG_WARN_QUOTED_INCLUDE_IN_FRAMEWORK_HEADER = YES;
				CLANG_WARN_RANGE_LOOP_ANALYSIS = YES;
				CLANG_WARN_STRICT_PROTOTYPES = YES;
				CLANG_WARN_SUSPICIOUS_MOVE = YES;
				CLANG_WARN_UNGUARDED_AVAILABILITY = YES_AGGRESSIVE;
				CLANG_WARN_UNREACHABLE_CODE = YES;
				CLANG_WARN__DUPLICATE_METHOD_MATCH = YES;
				COPY_PHASE_STRIP = NO;
				DEBUG_INFORMATION_FORMAT = "dwarf-with-dsym";
				DEVELOPMENT_TEAM = 7D2WXD5WMW;
				ENABLE_NS_ASSERTIONS = NO;
				ENABLE_STRICT_OBJC_MSGSEND = YES;
				ENABLE_USER_SCRIPT_SANDBOXING = YES;
				GCC_C_LANGUAGE_STANDARD = gnu17;
				GCC_NO_COMMON_BLOCKS = YES;
				GCC_WARN_64_TO_32_BIT_CONVERSION = YES;
				GCC_WARN_ABOUT_RETURN_TYPE = YES_ERROR;
				GCC_WARN_UNDECLARED_SELECTOR = YES;
				GCC_WARN_UNINITIALIZED_AUTOS = YES_AGGRESSIVE;
				GCC_WARN_UNUSED_FUNCTION = YES;
				GCC_WARN_UNUSED_VARIABLE = YES;
				IPHONEOS_DEPLOYMENT_TARGET = 26.2;
				LOCALIZATION_PREFERS_STRING_CATALOGS = YES;
				MTL_ENABLE_DEBUG_INFO = NO;
				MTL_FAST_MATH = YES;
				SDKROOT = iphoneos;
				SWIFT_COMPILATION_MODE = wholemodule;
				VALIDATE_PRODUCT = YES;
			};
			name = Release;
		};
		625E8AE22F588DAF00CAFCC8 /* Debug */ = {
			isa = XCBuildConfiguration;
			baseConfigurationReference = 4FC5104313D1DE11CCF92F47 /* Pods-NewsFlowTests.debug.xcconfig */;
			buildSettings = {
				BUNDLE_LOADER = "$(TEST_HOST)";
				CODE_SIGN_STYLE = Automatic;
				CURRENT_PROJECT_VERSION = 1;
				DEVELOPMENT_TEAM = 7D2WXD5WMW;
				GENERATE_INFOPLIST_FILE = YES;
				IPHONEOS_DEPLOYMENT_TARGET = 26.2;
				MARKETING_VERSION = 1.0;
				PRODUCT_BUNDLE_IDENTIFIER = com.cl.NewsFlowTests;
				PRODUCT_NAME = "$(TARGET_NAME)";
				STRING_CATALOG_GENERATE_SYMBOLS = NO;
				SWIFT_APPROACHABLE_CONCURRENCY = YES;
				SWIFT_EMIT_LOC_STRINGS = NO;
				SWIFT_UPCOMING_FEATURE_MEMBER_IMPORT_VISIBILITY = YES;
				SWIFT_VERSION = 5.0;
				TARGETED_DEVICE_FAMILY = "1,2";
				TEST_HOST = "$(BUILT_PRODUCTS_DIR)/NewsFlow.app/$(BUNDLE_EXECUTABLE_FOLDER_PATH)/NewsFlow";
			};
			name = Debug;
		};
		625E8AE32F588DAF00CAFCC8 /* Release */ = {
			isa = XCBuildConfiguration;
			baseConfigurationReference = 8441FA593D80EB33380577B5 /* Pods-NewsFlowTests.release.xcconfig */;
			buildSettings = {
				BUNDLE_LOADER = "$(TEST_HOST)";
				CODE_SIGN_STYLE = Automatic;
				CURRENT_PROJECT_VERSION = 1;
				DEVELOPMENT_TEAM = 7D2WXD5WMW;
				GENERATE_INFOPLIST_FILE = YES;
				IPHONEOS_DEPLOYMENT_TARGET = 26.2;
				MARKETING_VERSION = 1.0;
				PRODUCT_BUNDLE_IDENTIFIER = com.cl.NewsFlowTests;
				PRODUCT_NAME = "$(TARGET_NAME)";
				STRING_CATALOG_GENERATE_SYMBOLS = NO;
				SWIFT_APPROACHABLE_CONCURRENCY = YES;
				SWIFT_EMIT_LOC_STRINGS = NO;
				SWIFT_UPCOMING_FEATURE_MEMBER_IMPORT_VISIBILITY = YES;
				SWIFT_VERSION = 5.0;
				TARGETED_DEVICE_FAMILY = "1,2";
				TEST_HOST = "$(BUILT_PRODUCTS_DIR)/NewsFlow.app/$(BUNDLE_EXECUTABLE_FOLDER_PATH)/NewsFlow";
			};
			name = Release;
		};
		625E8AE52F588DAF00CAFCC8 /* Debug */ = {
			isa = XCBuildConfiguration;
			baseConfigurationReference = 4C8FBC9DD6DA002513602DE3 /* Pods-NewsFlowUITests.debug.xcconfig */;
			buildSettings = {
				CODE_SIGN_STYLE = Automatic;
				CURRENT_PROJECT_VERSION = 1;
				DEVELOPMENT_TEAM = 7D2WXD5WMW;
				GENERATE_INFOPLIST_FILE = YES;
				MARKETING_VERSION = 1.0;
				PRODUCT_BUNDLE_IDENTIFIER = com.cl.NewsFlowUITests;
				PRODUCT_NAME = "$(TARGET_NAME)";
				STRING_CATALOG_GENERATE_SYMBOLS = NO;
				SWIFT_APPROACHABLE_CONCURRENCY = YES;
				SWIFT_EMIT_LOC_STRINGS = NO;
				SWIFT_UPCOMING_FEATURE_MEMBER_IMPORT_VISIBILITY = YES;
				SWIFT_VERSION = 5.0;
				TARGETED_DEVICE_FAMILY = "1,2";
				TEST_TARGET_NAME = NewsFlow;
			};
			name = Debug;
		};
		625E8AE62F588DAF00CAFCC8 /* Release */ = {
			isa = XCBuildConfiguration;
			baseConfigurationReference = 2DD9C8A37ECED92CB311C7AA /* Pods-NewsFlowUITests.release.xcconfig */;
			buildSettings = {
				CODE_SIGN_STYLE = Automatic;
				CURRENT_PROJECT_VERSION = 1;
				DEVELOPMENT_TEAM = 7D2WXD5WMW;
				GENERATE_INFOPLIST_FILE = YES;
				MARKETING_VERSION = 1.0;
				PRODUCT_BUNDLE_IDENTIFIER = com.cl.NewsFlowUITests;
				PRODUCT_NAME = "$(TARGET_NAME)";
				STRING_CATALOG_GENERATE_SYMBOLS = NO;
				SWIFT_APPROACHABLE_CONCURRENCY = YES;
				SWIFT_EMIT_LOC_STRINGS = NO;
				SWIFT_UPCOMING_FEATURE_MEMBER_IMPORT_VISIBILITY = YES;
				SWIFT_VERSION = 5.0;
				TARGETED_DEVICE_FAMILY = "1,2";
				TEST_TARGET_NAME = NewsFlow;
			};
			name = Release;
		};
/* End XCBuildConfiguration section */

/* Begin XCConfigurationList section */
		625E8AAE2F588DAE00CAFCC8 /* Build configuration list for PBXProject "NewsFlow" */ = {
			isa = XCConfigurationList;
			buildConfigurations = (
				625E8ADF2F588DAF00CAFCC8 /* Debug */,
				625E8AE02F588DAF00CAFCC8 /* Release */,
			);
			defaultConfigurationIsVisible = 0;
			defaultConfigurationName = Release;
		};
		625E8ADC2F588DAF00CAFCC8 /* Build configuration list for PBXNativeTarget "NewsFlow" */ = {
			isa = XCConfigurationList;
			buildConfigurations = (
				625E8ADD2F588DAF00CAFCC8 /* Debug */,
				625E8ADE2F588DAF00CAFCC8 /* Release */,
			);
			defaultConfigurationIsVisible = 0;
			defaultConfigurationName = Release;
		};
		625E8AE12F588DAF00CAFCC8 /* Build configuration list for PBXNativeTarget "NewsFlowTests" */ = {
			isa = XCConfigurationList;
			buildConfigurations = (
				625E8AE22F588DAF00CAFCC8 /* Debug */,
				625E8AE32F588DAF00CAFCC8 /* Release */,
			);
			defaultConfigurationIsVisible = 0;
			defaultConfigurationName = Release;
		};
		625E8AE42F588DAF00CAFCC8 /* Build configuration list for PBXNativeTarget "NewsFlowUITests" */ = {
			isa = XCConfigurationList;
			buildConfigurations = (
				625E8AE52F588DAF00CAFCC8 /* Debug */,
				625E8AE62F588DAF00CAFCC8 /* Release */,
			);
			defaultConfigurationIsVisible = 0;
			defaultConfigurationName = Release;
		};
/* End XCConfigurationList section */
	};
	rootObject = 625E8AAB2F588DAE00CAFCC8 /* Project object */;
}
